// !$*UTF8*$!
{
	archiveVersion = 1;
	classes = {
	};
	objectVersion = 50;
	objects = {

/* Begin PBXBuildFile section */
		2C0E2C3D2319B010002C4B87 /* HomeViewController.swift in Sources */ = {isa = PBXBuildFile; fileRef = 2C0E2C3C2319B010002C4B87 /* HomeViewController.swift */; };
		2C0E2C3F2319B032002C4B87 /* DiscoverViewController.swift in Sources */ = {isa = PBXBuildFile; fileRef = 2C0E2C3E2319B032002C4B87 /* DiscoverViewController.swift */; };
		2C0E2C412319B046002C4B87 /* CameraViewController.swift in Sources */ = {isa = PBXBuildFile; fileRef = 2C0E2C402319B046002C4B87 /* CameraViewController.swift */; };
		2C0E2C432319B062002C4B87 /* ActivityViewController.swift in Sources */ = {isa = PBXBuildFile; fileRef = 2C0E2C422319B062002C4B87 /* ActivityViewController.swift */; };
		2C0E2C452319B078002C4B87 /* ProfileViewController.swift in Sources */ = {isa = PBXBuildFile; fileRef = 2C0E2C442319B078002C4B87 /* ProfileViewController.swift */; };
		2C575B592330EC0500013811 /* AuthService.swift in Sources */ = {isa = PBXBuildFile; fileRef = 2C575B582330EC0500013811 /* AuthService.swift */; };
		2C575B5B2331027500013811 /* Config.swift in Sources */ = {isa = PBXBuildFile; fileRef = 2C575B5A2331027500013811 /* Config.swift */; };
		2C575B602331502600013811 /* ProgressHUD.m in Sources */ = {isa = PBXBuildFile; fileRef = 2C575B5E2331502600013811 /* ProgressHUD.m */; };
		2C575B612331502600013811 /* ProgressHUD.bundle in Resources */ = {isa = PBXBuildFile; fileRef = 2C575B5F2331502600013811 /* ProgressHUD.bundle */; };
		2C80A24723196C9100FECD45 /* AppDelegate.swift in Sources */ = {isa = PBXBuildFile; fileRef = 2C80A24623196C9100FECD45 /* AppDelegate.swift */; };
		2C80A24E23196C9300FECD45 /* Assets.xcassets in Resources */ = {isa = PBXBuildFile; fileRef = 2C80A24D23196C9300FECD45 /* Assets.xcassets */; };
		2C80A25123196C9300FECD45 /* LaunchScreen.storyboard in Resources */ = {isa = PBXBuildFile; fileRef = 2C80A24F23196C9300FECD45 /* LaunchScreen.storyboard */; };
		2C80A25923196DAB00FECD45 /* Start.storyboard in Resources */ = {isa = PBXBuildFile; fileRef = 2C80A25823196DAB00FECD45 /* Start.storyboard */; };
		2C80A25B2319701400FECD45 /* SignInViewController.swift in Sources */ = {isa = PBXBuildFile; fileRef = 2C80A25A2319701400FECD45 /* SignInViewController.swift */; };
		2C80A25D2319733800FECD45 /* SignUpViewController.swift in Sources */ = {isa = PBXBuildFile; fileRef = 2C80A25C2319733800FECD45 /* SignUpViewController.swift */; };
		2C8DB89823391A560071C101 /* Post.swift in Sources */ = {isa = PBXBuildFile; fileRef = 2C8DB89723391A560071C101 /* Post.swift */; };
		2C98CD3C232DF8F80054019A /* GoogleService-Info.plist in Resources */ = {isa = PBXBuildFile; fileRef = 2C98CD3B232DF8F80054019A /* GoogleService-Info.plist */; };
		2C9C894F232D40700047E2CC /* Home.storyboard in Resources */ = {isa = PBXBuildFile; fileRef = 2C9C894E232D40700047E2CC /* Home.storyboard */; };
		2C9C8951232D41240047E2CC /* Discover.storyboard in Resources */ = {isa = PBXBuildFile; fileRef = 2C9C8950232D41240047E2CC /* Discover.storyboard */; };
		2C9C8953232D41630047E2CC /* Camera.storyboard in Resources */ = {isa = PBXBuildFile; fileRef = 2C9C8952232D41630047E2CC /* Camera.storyboard */; };
		2C9C8955232D419B0047E2CC /* Activity.storyboard in Resources */ = {isa = PBXBuildFile; fileRef = 2C9C8954232D419B0047E2CC /* Activity.storyboard */; };
		2C9C8957232D41D10047E2CC /* Profile.storyboard in Resources */ = {isa = PBXBuildFile; fileRef = 2C9C8956232D41D10047E2CC /* Profile.storyboard */; };
		2CBF134B2327F7B200E2D338 /* Main.storyboard in Resources */ = {isa = PBXBuildFile; fileRef = 2CBF134A2327F7B200E2D338 /* Main.storyboard */; };
		F002312C25C95F9E17257C71 /* Pods_sozial.framework in Frameworks */ = {isa = PBXBuildFile; fileRef = 04665D6610523D97066434EC /* Pods_sozial.framework */; };
/* End PBXBuildFile section */

/* Begin PBXFileReference section */
		04665D6610523D97066434EC /* Pods_sozial.framework */ = {isa = PBXFileReference; explicitFileType = wrapper.framework; includeInIndex = 0; path = Pods_sozial.framework; sourceTree = BUILT_PRODUCTS_DIR; };
		2C0E2C3C2319B010002C4B87 /* HomeViewController.swift */ = {isa = PBXFileReference; lastKnownFileType = sourcecode.swift; path = HomeViewController.swift; sourceTree = "<group>"; };
		2C0E2C3E2319B032002C4B87 /* DiscoverViewController.swift */ = {isa = PBXFileReference; lastKnownFileType = sourcecode.swift; path = DiscoverViewController.swift; sourceTree = "<group>"; };
		2C0E2C402319B046002C4B87 /* CameraViewController.swift */ = {isa = PBXFileReference; lastKnownFileType = sourcecode.swift; path = CameraViewController.swift; sourceTree = "<group>"; };
		2C0E2C422319B062002C4B87 /* ActivityViewController.swift */ = {isa = PBXFileReference; lastKnownFileType = sourcecode.swift; path = ActivityViewController.swift; sourceTree = "<group>"; };
		2C0E2C442319B078002C4B87 /* ProfileViewController.swift */ = {isa = PBXFileReference; lastKnownFileType = sourcecode.swift; path = ProfileViewController.swift; sourceTree = "<group>"; };
		2C575B582330EC0500013811 /* AuthService.swift */ = {isa = PBXFileReference; lastKnownFileType = sourcecode.swift; path = AuthService.swift; sourceTree = "<group>"; };
		2C575B5A2331027500013811 /* Config.swift */ = {isa = PBXFileReference; lastKnownFileType = sourcecode.swift; path = Config.swift; sourceTree = "<group>"; };
		2C575B5C2331502500013811 /* sozial-Bridging-Header.h */ = {isa = PBXFileReference; lastKnownFileType = sourcecode.c.h; path = "sozial-Bridging-Header.h"; sourceTree = "<group>"; };
		2C575B5D2331502600013811 /* ProgressHUD.h */ = {isa = PBXFileReference; fileEncoding = 4; lastKnownFileType = sourcecode.c.h; path = ProgressHUD.h; sourceTree = "<group>"; };
		2C575B5E2331502600013811 /* ProgressHUD.m */ = {isa = PBXFileReference; fileEncoding = 4; lastKnownFileType = sourcecode.c.objc; path = ProgressHUD.m; sourceTree = "<group>"; };
		2C575B5F2331502600013811 /* ProgressHUD.bundle */ = {isa = PBXFileReference; lastKnownFileType = "wrapper.plug-in"; path = ProgressHUD.bundle; sourceTree = "<group>"; };
		2C80A24323196C9100FECD45 /* sozial.app */ = {isa = PBXFileReference; explicitFileType = wrapper.application; includeInIndex = 0; path = sozial.app; sourceTree = BUILT_PRODUCTS_DIR; };
		2C80A24623196C9100FECD45 /* AppDelegate.swift */ = {isa = PBXFileReference; lastKnownFileType = sourcecode.swift; path = AppDelegate.swift; sourceTree = "<group>"; };
		2C80A24D23196C9300FECD45 /* Assets.xcassets */ = {isa = PBXFileReference; lastKnownFileType = folder.assetcatalog; path = Assets.xcassets; sourceTree = "<group>"; };
		2C80A25023196C9300FECD45 /* Base */ = {isa = PBXFileReference; lastKnownFileType = file.storyboard; name = Base; path = Base.lproj/LaunchScreen.storyboard; sourceTree = "<group>"; };
		2C80A25223196C9300FECD45 /* Info.plist */ = {isa = PBXFileReference; lastKnownFileType = text.plist.xml; path = Info.plist; sourceTree = "<group>"; };
		2C80A25823196DAB00FECD45 /* Start.storyboard */ = {isa = PBXFileReference; lastKnownFileType = file.storyboard; path = Start.storyboard; sourceTree = "<group>"; };
		2C80A25A2319701400FECD45 /* SignInViewController.swift */ = {isa = PBXFileReference; lastKnownFileType = sourcecode.swift; path = SignInViewController.swift; sourceTree = "<group>"; };
		2C80A25C2319733800FECD45 /* SignUpViewController.swift */ = {isa = PBXFileReference; lastKnownFileType = sourcecode.swift; path = SignUpViewController.swift; sourceTree = "<group>"; };
		2C8DB89723391A560071C101 /* Post.swift */ = {isa = PBXFileReference; lastKnownFileType = sourcecode.swift; path = Post.swift; sourceTree = "<group>"; };
		2C98CD3B232DF8F80054019A /* GoogleService-Info.plist */ = {isa = PBXFileReference; fileEncoding = 4; lastKnownFileType = text.plist.xml; path = "GoogleService-Info.plist"; sourceTree = "<group>"; };
		2C9C894E232D40700047E2CC /* Home.storyboard */ = {isa = PBXFileReference; fileEncoding = 4; lastKnownFileType = file.storyboard; path = Home.storyboard; sourceTree = "<group>"; };
		2C9C8950232D41240047E2CC /* Discover.storyboard */ = {isa = PBXFileReference; fileEncoding = 4; lastKnownFileType = file.storyboard; path = Discover.storyboard; sourceTree = "<group>"; };
		2C9C8952232D41630047E2CC /* Camera.storyboard */ = {isa = PBXFileReference; fileEncoding = 4; lastKnownFileType = file.storyboard; path = Camera.storyboard; sourceTree = "<group>"; };
		2C9C8954232D419B0047E2CC /* Activity.storyboard */ = {isa = PBXFileReference; fileEncoding = 4; lastKnownFileType = file.storyboard; path = Activity.storyboard; sourceTree = "<group>"; };
		2C9C8956232D41D10047E2CC /* Profile.storyboard */ = {isa = PBXFileReference; fileEncoding = 4; lastKnownFileType = file.storyboard; path = Profile.storyboard; sourceTree = "<group>"; };
		2CBF134A2327F7B200E2D338 /* Main.storyboard */ = {isa = PBXFileReference; fileEncoding = 4; lastKnownFileType = file.storyboard; path = Main.storyboard; sourceTree = "<group>"; };
		72B829FEDCFACF377DE2A19B /* Pods-sozial.debug.xcconfig */ = {isa = PBXFileReference; includeInIndex = 1; lastKnownFileType = text.xcconfig; name = "Pods-sozial.debug.xcconfig"; path = "Target Support Files/Pods-sozial/Pods-sozial.debug.xcconfig"; sourceTree = "<group>"; };
		C36F8F6AA6B7B99B82284F1F /* Pods-sozial.release.xcconfig */ = {isa = PBXFileReference; includeInIndex = 1; lastKnownFileType = text.xcconfig; name = "Pods-sozial.release.xcconfig"; path = "Target Support Files/Pods-sozial/Pods-sozial.release.xcconfig"; sourceTree = "<group>"; };
/* End PBXFileReference section */

/* Begin PBXFrameworksBuildPhase section */
		2C80A24023196C9100FECD45 /* Frameworks */ = {
			isa = PBXFrameworksBuildPhase;
			buildActionMask = 2147483647;
			files = (
				F002312C25C95F9E17257C71 /* Pods_sozial.framework in Frameworks */,
			);
			runOnlyForDeploymentPostprocessing = 0;
		};
/* End PBXFrameworksBuildPhase section */

/* Begin PBXGroup section */
		2C80A23A23196C9100FECD45 = {
			isa = PBXGroup;
			children = (
				2C80A24523196C9100FECD45 /* sozial */,
				2C80A24423196C9100FECD45 /* Products */,
				FAECD902257F4E4737E1D5E1 /* Pods */,
				6C0C3F2B22B2CAF903498660 /* Frameworks */,
			);
			sourceTree = "<group>";
		};
		2C80A24423196C9100FECD45 /* Products */ = {
			isa = PBXGroup;
			children = (
				2C80A24323196C9100FECD45 /* sozial.app */,
			);
			name = Products;
			sourceTree = "<group>";
		};
		2C80A24523196C9100FECD45 /* sozial */ = {
			isa = PBXGroup;
			children = (
				2C80A24623196C9100FECD45 /* AppDelegate.swift */,
				2C575B5A2331027500013811 /* Config.swift */,
				2C8DB89623391A3D0071C101 /* Model */,
				2C575B582330EC0500013811 /* AuthService.swift */,
				2C98CD3B232DF8F80054019A /* GoogleService-Info.plist */,
				2C9C8959232D4CBB0047E2CC /* ViewControllers */,
				2C9C8958232D4CA80047E2CC /* Storyboards */,
				2C80A24D23196C9300FECD45 /* Assets.xcassets */,
				2C80A24F23196C9300FECD45 /* LaunchScreen.storyboard */,
				2C80A25223196C9300FECD45 /* Info.plist */,
				2C575B5F2331502600013811 /* ProgressHUD.bundle */,
				2C575B5D2331502600013811 /* ProgressHUD.h */,
				2C575B5E2331502600013811 /* ProgressHUD.m */,
				2C575B5C2331502500013811 /* sozial-Bridging-Header.h */,
			);
			path = sozial;
			sourceTree = "<group>";
		};
		2C8DB89623391A3D0071C101 /* Model */ = {
			isa = PBXGroup;
			children = (
				2C8DB89723391A560071C101 /* Post.swift */,
			);
			path = Model;
			sourceTree = "<group>";
		};
		2C9C8958232D4CA80047E2CC /* Storyboards */ = {
			isa = PBXGroup;
			children = (
				2C80A25823196DAB00FECD45 /* Start.storyboard */,
				2CBF134A2327F7B200E2D338 /* Main.storyboard */,
				2C9C8956232D41D10047E2CC /* Profile.storyboard */,
				2C9C8954232D419B0047E2CC /* Activity.storyboard */,
				2C9C8952232D41630047E2CC /* Camera.storyboard */,
				2C9C8950232D41240047E2CC /* Discover.storyboard */,
				2C9C894E232D40700047E2CC /* Home.storyboard */,
			);
			path = Storyboards;
			sourceTree = "<group>";
		};
		2C9C8959232D4CBB0047E2CC /* ViewControllers */ = {
			isa = PBXGroup;
			children = (
				2C80A25A2319701400FECD45 /* SignInViewController.swift */,
				2C80A25C2319733800FECD45 /* SignUpViewController.swift */,
				2C0E2C3C2319B010002C4B87 /* HomeViewController.swift */,
				2C0E2C3E2319B032002C4B87 /* DiscoverViewController.swift */,
				2C0E2C402319B046002C4B87 /* CameraViewController.swift */,
				2C0E2C422319B062002C4B87 /* ActivityViewController.swift */,
				2C0E2C442319B078002C4B87 /* ProfileViewController.swift */,
			);
			path = ViewControllers;
			sourceTree = "<group>";
		};
		6C0C3F2B22B2CAF903498660 /* Frameworks */ = {
			isa = PBXGroup;
			children = (
				04665D6610523D97066434EC /* Pods_sozial.framework */,
			);
			name = Frameworks;
			sourceTree = "<group>";
		};
		FAECD902257F4E4737E1D5E1 /* Pods */ = {
			isa = PBXGroup;
			children = (
				72B829FEDCFACF377DE2A19B /* Pods-sozial.debug.xcconfig */,
				C36F8F6AA6B7B99B82284F1F /* Pods-sozial.release.xcconfig */,
			);
			path = Pods;
			sourceTree = "<group>";
		};
/* End PBXGroup section */

/* Begin PBXNativeTarget section */
		2C80A24223196C9100FECD45 /* sozial */ = {
			isa = PBXNativeTarget;
			buildConfigurationList = 2C80A25523196C9300FECD45 /* Build configuration list for PBXNativeTarget "sozial" */;
			buildPhases = (
				51E9105B4467D6630D38F9E3 /* [CP] Check Pods Manifest.lock */,
				2C80A23F23196C9100FECD45 /* Sources */,
				2C80A24023196C9100FECD45 /* Frameworks */,
				2C80A24123196C9100FECD45 /* Resources */,
				2340F5218C555A0AE06485E0 /* [CP] Embed Pods Frameworks */,
			);
			buildRules = (
			);
			dependencies = (
			);
			name = sozial;
			productName = sozial;
			productReference = 2C80A24323196C9100FECD45 /* sozial.app */;
			productType = "com.apple.product-type.application";
		};
/* End PBXNativeTarget section */

/* Begin PBXProject section */
		2C80A23B23196C9100FECD45 /* Project object */ = {
			isa = PBXProject;
			attributes = {
				LastSwiftUpdateCheck = 1010;
				LastUpgradeCheck = 1010;
				ORGANIZATIONNAME = shivangcodes;
				TargetAttributes = {
					2C80A24223196C9100FECD45 = {
						CreatedOnToolsVersion = 10.1;
						LastSwiftMigration = 1010;
					};
				};
			};
			buildConfigurationList = 2C80A23E23196C9100FECD45 /* Build configuration list for PBXProject "sozial" */;
			compatibilityVersion = "Xcode 9.3";
			developmentRegion = en;
			hasScannedForEncodings = 0;
			knownRegions = (
				en,
				Base,
			);
			mainGroup = 2C80A23A23196C9100FECD45;
			productRefGroup = 2C80A24423196C9100FECD45 /* Products */;
			projectDirPath = "";
			projectRoot = "";
			targets = (
				2C80A24223196C9100FECD45 /* sozial */,
			);
		};
/* End PBXProject section */

/* Begin PBXResourcesBuildPhase section */
		2C80A24123196C9100FECD45 /* Resources */ = {
			isa = PBXResourcesBuildPhase;
			buildActionMask = 2147483647;
			files = (
				2C575B612331502600013811 /* ProgressHUD.bundle in Resources */,
				2C80A25123196C9300FECD45 /* LaunchScreen.storyboard in Resources */,
				2C9C8953232D41630047E2CC /* Camera.storyboard in Resources */,
				2C9C894F232D40700047E2CC /* Home.storyboard in Resources */,
				2C80A24E23196C9300FECD45 /* Assets.xcassets in Resources */,
				2C80A25923196DAB00FECD45 /* Start.storyboard in Resources */,
				2CBF134B2327F7B200E2D338 /* Main.storyboard in Resources */,
				2C9C8957232D41D10047E2CC /* Profile.storyboard in Resources */,
				2C98CD3C232DF8F80054019A /* GoogleService-Info.plist in Resources */,
				2C9C8951232D41240047E2CC /* Discover.storyboard in Resources */,
				2C9C8955232D419B0047E2CC /* Activity.storyboard in Resources */,
			);
			runOnlyForDeploymentPostprocessing = 0;
		};
/* End PBXResourcesBuildPhase section */

/* Begin PBXShellScriptBuildPhase section */
		2340F5218C555A0AE06485E0 /* [CP] Embed Pods Frameworks */ = {
			isa = PBXShellScriptBuildPhase;
			buildActionMask = 2147483647;
			files = (
			);
			inputFileListPaths = (
			);
			inputPaths = (
				"${PODS_ROOT}/Target Support Files/Pods-sozial/Pods-sozial-frameworks.sh",
				"${BUILT_PRODUCTS_DIR}/GTMSessionFetcher/GTMSessionFetcher.framework",
				"${BUILT_PRODUCTS_DIR}/GoogleToolboxForMac/GoogleToolboxForMac.framework",
				"${BUILT_PRODUCTS_DIR}/leveldb-library/leveldb.framework",
				"${BUILT_PRODUCTS_DIR}/nanopb/nanopb.framework",
			);
			name = "[CP] Embed Pods Frameworks";
			outputFileListPaths = (
			);
			outputPaths = (
				"${TARGET_BUILD_DIR}/${FRAMEWORKS_FOLDER_PATH}/GTMSessionFetcher.framework",
				"${TARGET_BUILD_DIR}/${FRAMEWORKS_FOLDER_PATH}/GoogleToolboxForMac.framework",
				"${TARGET_BUILD_DIR}/${FRAMEWORKS_FOLDER_PATH}/leveldb.framework",
				"${TARGET_BUILD_DIR}/${FRAMEWORKS_FOLDER_PATH}/nanopb.framework",
			);
			runOnlyForDeploymentPostprocessing = 0;
			shellPath = /bin/sh;
			shellScript = "\"${PODS_ROOT}/Target Support Files/Pods-sozial/Pods-sozial-frameworks.sh\"\n";
			showEnvVarsInLog = 0;
		};
		51E9105B4467D6630D38F9E3 /* [CP] Check Pods Manifest.lock */ = {
			isa = PBXShellScriptBuildPhase;
			buildActionMask = 2147483647;
			files = (
			);
			inputFileListPaths = (
			);
			inputPaths = (
				"${PODS_PODFILE_DIR_PATH}/Podfile.lock",
				"${PODS_ROOT}/Manifest.lock",
			);
			name = "[CP] Check Pods Manifest.lock";
			outputFileListPaths = (
			);
			outputPaths = (
				"$(DERIVED_FILE_DIR)/Pods-sozial-checkManifestLockResult.txt",
			);
			runOnlyForDeploymentPostprocessing = 0;
			shellPath = /bin/sh;
			shellScript = "diff \"${PODS_PODFILE_DIR_PATH}/Podfile.lock\" \"${PODS_ROOT}/Manifest.lock\" > /dev/null\nif [ $? != 0 ] ; then\n    # print error to STDERR\n    echo \"error: The sandbox is not in sync with the Podfile.lock. Run 'pod install' or update your CocoaPods installation.\" >&2\n    exit 1\nfi\n# This output is used by Xcode 'outputs' to avoid re-running this script phase.\necho \"SUCCESS\" > \"${SCRIPT_OUTPUT_FILE_0}\"\n";
			showEnvVarsInLog = 0;
		};
/* End PBXShellScriptBuildPhase section */

/* Begin PBXSourcesBuildPhase section */
		2C80A23F23196C9100FECD45 /* Sources */ = {
			isa = PBXSourcesBuildPhase;
			buildActionMask = 2147483647;
			files = (
				2C80A25D2319733800FECD45 /* SignUpViewController.swift in Sources */,
				2C80A25B2319701400FECD45 /* SignInViewController.swift in Sources */,
				2C80A24723196C9100FECD45 /* AppDelegate.swift in Sources */,
				2C8DB89823391A560071C101 /* Post.swift in Sources */,
				2C575B592330EC0500013811 /* AuthService.swift in Sources */,
				2C0E2C3D2319B010002C4B87 /* HomeViewController.swift in Sources */,
				2C0E2C432319B062002C4B87 /* ActivityViewController.swift in Sources */,
				2C575B602331502600013811 /* ProgressHUD.m in Sources */,
				2C0E2C3F2319B032002C4B87 /* DiscoverViewController.swift in Sources */,
				2C575B5B2331027500013811 /* Config.swift in Sources */,
				2C0E2C452319B078002C4B87 /* ProfileViewController.swift in Sources */,
				2C0E2C412319B046002C4B87 /* CameraViewController.swift in Sources */,
			);
			runOnlyForDeploymentPostprocessing = 0;
		};
/* End PBXSourcesBuildPhase section */

/* Begin PBXVariantGroup section */
		2C80A24F23196C9300FECD45 /* LaunchScreen.storyboard */ = {
			isa = PBXVariantGroup;
			children = (
				2C80A25023196C9300FECD45 /* Base */,
			);
			name = LaunchScreen.storyboard;
			sourceTree = "<group>";
		};
/* End PBXVariantGroup section */

/* Begin XCBuildConfiguration section */
		2C80A25323196C9300FECD45 /* Debug */ = {
			isa = XCBuildConfiguration;
			buildSettings = {
				ALWAYS_SEARCH_USER_PATHS = NO;
				CLANG_ANALYZER_NONNULL = YES;
				CLANG_ANALYZER_NUMBER_OBJECT_CONVERSION = YES_AGGRESSIVE;
				CLANG_CXX_LANGUAGE_STANDARD = "gnu++14";
				CLANG_CXX_LIBRARY = "libc++";
				CLANG_ENABLE_MODULES = YES;
				CLANG_ENABLE_OBJC_ARC = YES;
				CLANG_ENABLE_OBJC_WEAK = YES;
				CLANG_WARN_BLOCK_CAPTURE_AUTORELEASING = YES;
				CLANG_WARN_BOOL_CONVERSION = YES;
				CLANG_WARN_COMMA = YES;
				CLANG_WARN_CONSTANT_CONVERSION = YES;
				CLANG_WARN_DEPRECATED_OBJC_IMPLEMENTATIONS = YES;
				CLANG_WARN_DIRECT_OBJC_ISA_USAGE = YES_ERROR;
				CLANG_WARN_DOCUMENTATION_COMMENTS = YES;
				CLANG_WARN_EMPTY_BODY = YES;
				CLANG_WARN_ENUM_CONVERSION = YES;
				CLANG_WARN_INFINITE_RECURSION = YES;
				CLANG_WARN_INT_CONVERSION = YES;
				CLANG_WARN_NON_LITERAL_NULL_CONVERSION = YES;
				CLANG_WARN_OBJC_IMPLICIT_RETAIN_SELF = YES;
				CLANG_WARN_OBJC_LITERAL_CONVERSION = YES;
				CLANG_WARN_OBJC_ROOT_CLASS = YES_ERROR;
				CLANG_WARN_RANGE_LOOP_ANALYSIS = YES;
				CLANG_WARN_STRICT_PROTOTYPES = YES;
				CLANG_WARN_SUSPICIOUS_MOVE = YES;
				CLANG_WARN_UNGUARDED_AVAILABILITY = YES_AGGRESSIVE;
				CLANG_WARN_UNREACHABLE_CODE = YES;
				CLANG_WARN__DUPLICATE_METHOD_MATCH = YES;
				CODE_SIGN_IDENTITY = "iPhone Developer";
				COPY_PHASE_STRIP = NO;
				DEBUG_INFORMATION_FORMAT = dwarf;
				ENABLE_STRICT_OBJC_MSGSEND = YES;
				ENABLE_TESTABILITY = YES;
				GCC_C_LANGUAGE_STANDARD = gnu11;
				GCC_DYNAMIC_NO_PIC = NO;
				GCC_NO_COMMON_BLOCKS = YES;
				GCC_OPTIMIZATION_LEVEL = 0;
				GCC_PREPROCESSOR_DEFINITIONS = (
					"DEBUG=1",
					"$(inherited)",
				);
				GCC_WARN_64_TO_32_BIT_CONVERSION = YES;
				GCC_WARN_ABOUT_RETURN_TYPE = YES_ERROR;
				GCC_WARN_UNDECLARED_SELECTOR = YES;
				GCC_WARN_UNINITIALIZED_AUTOS = YES_AGGRESSIVE;
				GCC_WARN_UNUSED_FUNCTION = YES;
				GCC_WARN_UNUSED_VARIABLE = YES;
				IPHONEOS_DEPLOYMENT_TARGET = 12.1;
				MTL_ENABLE_DEBUG_INFO = INCLUDE_SOURCE;
				MTL_FAST_MATH = YES;
				ONLY_ACTIVE_ARCH = YES;
				SDKROOT = iphoneos;
				SWIFT_ACTIVE_COMPILATION_CONDITIONS = DEBUG;
				SWIFT_OPTIMIZATION_LEVEL = "-Onone";
			};
			name = Debug;
		};
		2C80A25423196C9300FECD45 /* Release */ = {
			isa = XCBuildConfiguration;
			buildSettings = {
				ALWAYS_SEARCH_USER_PATHS = NO;
				CLANG_ANALYZER_NONNULL = YES;
				CLANG_ANALYZER_NUMBER_OBJECT_CONVERSION = YES_AGGRESSIVE;
				CLANG_CXX_LANGUAGE_STANDARD = "gnu++14";
				CLANG_CXX_LIBRARY = "libc++";
				CLANG_ENABLE_MODULES = YES;
				CLANG_ENABLE_OBJC_ARC = YES;
				CLANG_ENABLE_OBJC_WEAK = YES;
				CLANG_WARN_BLOCK_CAPTURE_AUTORELEASING = YES;
				CLANG_WARN_BOOL_CONVERSION = YES;
				CLANG_WARN_COMMA = YES;
				CLANG_WARN_CONSTANT_CONVERSION = YES;
				CLANG_WARN_DEPRECATED_OBJC_IMPLEMENTATIONS = YES;
				CLANG_WARN_DIRECT_OBJC_ISA_USAGE = YES_ERROR;
				CLANG_WARN_DOCUMENTATION_COMMENTS = YES;
				CLANG_WARN_EMPTY_BODY = YES;
				CLANG_WARN_ENUM_CONVERSION = YES;
				CLANG_WARN_INFINITE_RECURSION = YES;
				CLANG_WARN_INT_CONVERSION = YES;
				CLANG_WARN_NON_LITERAL_NULL_CONVERSION = YES;
				CLANG_WARN_OBJC_IMPLICIT_RETAIN_SELF = YES;
				CLANG_WARN_OBJC_LITERAL_CONVERSION = YES;
				CLANG_WARN_OBJC_ROOT_CLASS = YES_ERROR;
				CLANG_WARN_RANGE_LOOP_ANALYSIS = YES;
				CLANG_WARN_STRICT_PROTOTYPES = YES;
				CLANG_WARN_SUSPICIOUS_MOVE = YES;
				CLANG_WARN_UNGUARDED_AVAILABILITY = YES_AGGRESSIVE;
				CLANG_WARN_UNREACHABLE_CODE = YES;
				CLANG_WARN__DUPLICATE_METHOD_MATCH = YES;
				CODE_SIGN_IDENTITY = "iPhone Developer";
				COPY_PHASE_STRIP = NO;
				DEBUG_INFORMATION_FORMAT = "dwarf-with-dsym";
				ENABLE_NS_ASSERTIONS = NO;
				ENABLE_STRICT_OBJC_MSGSEND = YES;
				GCC_C_LANGUAGE_STANDARD = gnu11;
				GCC_NO_COMMON_BLOCKS = YES;
				GCC_WARN_64_TO_32_BIT_CONVERSION = YES;
				GCC_WARN_ABOUT_RETURN_TYPE = YES_ERROR;
				GCC_WARN_UNDECLARED_SELECTOR = YES;
				GCC_WARN_UNINITIALIZED_AUTOS = YES_AGGRESSIVE;
				GCC_WARN_UNUSED_FUNCTION = YES;
				GCC_WARN_UNUSED_VARIABLE = YES;
				IPHONEOS_DEPLOYMENT_TARGET = 12.1;
				MTL_ENABLE_DEBUG_INFO = NO;
				MTL_FAST_MATH = YES;
				SDKROOT = iphoneos;
				SWIFT_COMPILATION_MODE = wholemodule;
				SWIFT_OPTIMIZATION_LEVEL = "-O";
				VALIDATE_PRODUCT = YES;
			};
			name = Release;
		};
		2C80A25623196C9300FECD45 /* Debug */ = {
			isa = XCBuildConfiguration;
			baseConfigurationReference = 72B829FEDCFACF377DE2A19B /* Pods-sozial.debug.xcconfig */;
			buildSettings = {
				ASSETCATALOG_COMPILER_APPICON_NAME = AppIcon;
				CLANG_ENABLE_MODULES = YES;
				CODE_SIGN_STYLE = Automatic;
				INFOPLIST_FILE = sozial/Info.plist;
				LD_RUNPATH_SEARCH_PATHS = (
					"$(inherited)",
					"@executable_path/Frameworks",
				);
				PRODUCT_BUNDLE_IDENTIFIER = com.shivangcodes.sozial;
				PRODUCT_NAME = "$(TARGET_NAME)";
				SWIFT_OBJC_BRIDGING_HEADER = "sozial/sozial-Bridging-Header.h";
				SWIFT_OPTIMIZATION_LEVEL = "-Onone";
				SWIFT_VERSION = 4.0;
				TARGETED_DEVICE_FAMILY = "1,2";
			};
			name = Debug;
		};
		2C80A25723196C9300FECD45 /* Release */ = {
			isa = XCBuildConfiguration;
			baseConfigurationReference = C36F8F6AA6B7B99B82284F1F /* Pods-sozial.release.xcconfig */;
			buildSettings = {
				ASSETCATALOG_COMPILER_APPICON_NAME = AppIcon;
				CLANG_ENABLE_MODULES = YES;
				CODE_SIGN_STYLE = Automatic;
				INFOPLIST_FILE = sozial/Info.plist;
				LD_RUNPATH_SEARCH_PATHS = (
					"$(inherited)",
					"@executable_path/Frameworks",
				);
				PRODUCT_BUNDLE_IDENTIFIER = com.shivangcodes.sozial;
				PRODUCT_NAME = "$(TARGET_NAME)";
				SWIFT_OBJC_BRIDGING_HEADER = "sozial/sozial-Bridging-Header.h";
				SWIFT_VERSION = 4.0;
				TARGETED_DEVICE_FAMILY = "1,2";
			};
			name = Release;
		};
/* End XCBuildConfiguration section */

/* Begin XCConfigurationList section */
		2C80A23E23196C9100FECD45 /* Build configuration list for PBXProject "sozial" */ = {
			isa = XCConfigurationList;
			buildConfigurations = (
				2C80A25323196C9300FECD45 /* Debug */,
				2C80A25423196C9300FECD45 /* Release */,
			);
			defaultConfigurationIsVisible = 0;
			defaultConfigurationName = Release;
		};
		2C80A25523196C9300FECD45 /* Build configuration list for PBXNativeTarget "sozial" */ = {
			isa = XCConfigurationList;
			buildConfigurations = (
				2C80A25623196C9300FECD45 /* Debug */,
				2C80A25723196C9300FECD45 /* Release */,
			);
			defaultConfigurationIsVisible = 0;
			defaultConfigurationName = Release;
		};
/* End XCConfigurationList section */
	};
	rootObject = 2C80A23B23196C9100FECD45 /* Project object */;
}
